
Microsoft Visual Studio Solution File, Format Version 12.00
# Visual Studio 15
VisualStudioVersion = 15.0.26430.14
MinimumVisualStudioVersion = 10.0.40219.1
Project("{FAE04EC0-301F-11D3-BF4B-00C04F79EFBC}") = "LottoDisplay", "LotoDisplay\LottoDisplay.csproj", "{86258919-8359-46F0-BB65-28CC433F2985}"
EndProject
Project("{FAE04EC0-301F-11D3-BF4B-00C04F79EFBC}") = "Sorting", "Sorting\Sorting.csproj", "{DF3F54DD-BBDB-40CE-84FF-C1C0E82425F6}"
EndProject
Project("{FAE04EC0-301F-11D3-BF4B-00C04F79EFBC}") = "ServiceCenter", "ServiceCenter\ServiceCenter.csproj", "{48FEB63E-C05D-4DD3-8BC1-8B9FF92D0C3B}"
EndProject
Project("{FAE04EC0-301F-11D3-BF4B-00C04F79EFBC}") = "DensityOfWords", "DensityOfWords\DensityOfWords.csproj", "{B162CEC4-B09D-4E04-ADB5-2E3DF3A7B55A}"
EndProject
Global
	GlobalSection(SolutionConfigurationPlatforms) = preSolution
		Debug|Any CPU = Debug|Any CPU
		Release|Any CPU = Release|Any CPU
	EndGlobalSection
	GlobalSection(ProjectConfigurationPlatforms) = postSolution
		{86258919-8359-46F0-BB65-28CC433F2985}.Debug|Any CPU.ActiveCfg = Debug|Any CPU
		{86258919-8359-46F0-BB65-28CC433F2985}.Debug|Any CPU.Build.0 = Debug|Any CPU
		{86258919-8359-46F0-BB65-28CC433F2985}.Release|Any CPU.ActiveCfg = Release|Any CPU
		{86258919-8359-46F0-BB65-28CC433F2985}.Release|Any CPU.Build.0 = Release|Any CPU
		{DF3F54DD-BBDB-40CE-84FF-C1C0E82425F6}.Debug|Any CPU.ActiveCfg = Debug|Any CPU
		{DF3F54DD-BBDB-40CE-84FF-C1C0E82425F6}.Debug|Any CPU.Build.0 = Debug|Any CPU
		{DF3F54DD-BBDB-40CE-84FF-C1C0E82425F6}.Release|Any CPU.ActiveCfg = Release|Any CPU
		{DF3F54DD-BBDB-40CE-84FF-C1C0E82425F6}.Release|Any CPU.Build.0 = Release|Any CPU
		{48FEB63E-C05D-4DD3-8BC1-8B9FF92D0C3B}.Debug|Any CPU.ActiveCfg = Debug|Any CPU
		{48FEB63E-C05D-4DD3-8BC1-8B9FF92D0C3B}.Debug|Any CPU.Build.0 = Debug|Any CPU
		{48FEB63E-C05D-4DD3-8BC1-8B9FF92D0C3B}.Release|Any CPU.ActiveCfg = Release|Any CPU
		{48FEB63E-C05D-4DD3-8BC1-8B9FF92D0C3B}.Release|Any CPU.Build.0 = Release|Any CPU
		{B162CEC4-B09D-4E04-ADB5-2E3DF3A7B55A}.Debug|Any CPU.ActiveCfg = Debug|Any CPU
		{B162CEC4-B09D-4E04-ADB5-2E3DF3A7B55A}.Debug|Any CPU.Build.0 = Debug|Any CPU
		{B162CEC4-B09D-4E04-ADB5-2E3DF3A7B55A}.Release|Any CPU.ActiveCfg = Release|Any CPU
		{B162CEC4-B09D-4E04-ADB5-2E3DF3A7B55A}.Release|Any CPU.Build.0 = Release|Any CPU
	EndGlobalSection
	GlobalSection(SolutionProperties) = preSolution
		HideSolutionNode = FALSE
	EndGlobalSection
EndGlobal
